
Microsoft Visual Studio Solution File, Format Version 12.00
# Visual Studio Version 17
VisualStudioVersion = 17.4.33213.308
MinimumVisualStudioVersion = 10.0.40219.1
Project("{FAE04EC0-301F-11D3-BF4B-00C04F79EFBC}") = "IMSApi", "IMSApi\IMSApi.csproj", "{EF06AEEC-7A0C-4A74-851E-9AC88A812321}"
EndProject
Global
	GlobalSection(SolutionConfigurationPlatforms) = preSolution
		Debug|Any CPU = Debug|Any CPU
		Release|Any CPU = Release|Any CPU
	EndGlobalSection
	GlobalSection(ProjectConfigurationPlatforms) = postSolution
		{EF06AEEC-7A0C-4A74-851E-9AC88A812321}.Debug|Any CPU.ActiveCfg = Debug|Any CPU
		{EF06AEEC-7A0C-4A74-851E-9AC88A812321}.Debug|Any CPU.Build.0 = Debug|Any CPU
		{EF06AEEC-7A0C-4A74-851E-9AC88A812321}.Release|Any CPU.ActiveCfg = Release|Any CPU
		{EF06AEEC-7A0C-4A74-851E-9AC88A812321}.Release|Any CPU.Build.0 = Release|Any CPU
	EndGlobalSection
	GlobalSection(SolutionProperties) = preSolution
		HideSolutionNode = FALSE
	EndGlobalSection
	GlobalSection(ExtensibilityGlobals) = postSolution
		SolutionGuid = {040A34F3-6161-4623-99CE-BE3399F4BD84}
	EndGlobalSection
EndGlobal
